// !$*UTF8*$!
{
	archiveVersion = 1;
	classes = {
	};
	objectVersion = 46;
	objects = {

/* Begin PBXBuildFile section */
		C0FE0D85F3AF3343B6C38B80 /* Pods_Kyotohack.framework in Frameworks */ = {isa = PBXBuildFile; fileRef = A0EDF7CFD5CE881D0C5A6653 /* Pods_Kyotohack.framework */; };
		C9FEA5AC1DD852C00045CE97 /* TableViewCell.swift in Sources */ = {isa = PBXBuildFile; fileRef = C9FEA5AB1DD852C00045CE97 /* TableViewCell.swift */; };
		FAD52A901DD7F23D009F5674 /* AppDelegate.swift in Sources */ = {isa = PBXBuildFile; fileRef = FAD52A8F1DD7F23D009F5674 /* AppDelegate.swift */; };
		FAD52A921DD7F23D009F5674 /* ViewController.swift in Sources */ = {isa = PBXBuildFile; fileRef = FAD52A911DD7F23D009F5674 /* ViewController.swift */; };
		FAD52A951DD7F23D009F5674 /* Main.storyboard in Resources */ = {isa = PBXBuildFile; fileRef = FAD52A931DD7F23D009F5674 /* Main.storyboard */; };
		FAD52A971DD7F23D009F5674 /* Assets.xcassets in Resources */ = {isa = PBXBuildFile; fileRef = FAD52A961DD7F23D009F5674 /* Assets.xcassets */; };
		FAD52A9A1DD7F23D009F5674 /* LaunchScreen.storyboard in Resources */ = {isa = PBXBuildFile; fileRef = FAD52A981DD7F23D009F5674 /* LaunchScreen.storyboard */; };
		FAD52AA61DD802F8009F5674 /* NCMB.framework in Frameworks */ = {isa = PBXBuildFile; fileRef = FAD52AA41DD802F8009F5674 /* NCMB.framework */; };
		FAD52AAD1DD81AF8009F5674 /* ProfessorTableViewCell.swift in Sources */ = {isa = PBXBuildFile; fileRef = FAD52AAC1DD81AF7009F5674 /* ProfessorTableViewCell.swift */; };
		FAD52AAF1DD81BBF009F5674 /* ProfessorTableViewController.swift in Sources */ = {isa = PBXBuildFile; fileRef = FAD52AAE1DD81BBF009F5674 /* ProfessorTableViewController.swift */; };
		FAD52AB11DD81D21009F5674 /* Professor.swift in Sources */ = {isa = PBXBuildFile; fileRef = FAD52AB01DD81D21009F5674 /* Professor.swift */; };
		FAD52AB21DD8240E009F5674 /* Kingfisher.framework in Frameworks */ = {isa = PBXBuildFile; fileRef = FAD52AA51DD802F8009F5674 /* Kingfisher.framework */; };
/* End PBXBuildFile section */

/* Begin PBXFileReference section */
		0BFD0CABD6540FDE30D3A70C /* Pods-Kyotohack.debug.xcconfig */ = {isa = PBXFileReference; includeInIndex = 1; lastKnownFileType = text.xcconfig; name = "Pods-Kyotohack.debug.xcconfig"; path = "Pods/Target Support Files/Pods-Kyotohack/Pods-Kyotohack.debug.xcconfig"; sourceTree = "<group>"; };
		A0EDF7CFD5CE881D0C5A6653 /* Pods_Kyotohack.framework */ = {isa = PBXFileReference; explicitFileType = wrapper.framework; includeInIndex = 0; path = Pods_Kyotohack.framework; sourceTree = BUILT_PRODUCTS_DIR; };
		C9FEA5AB1DD852C00045CE97 /* TableViewCell.swift */ = {isa = PBXFileReference; fileEncoding = 4; lastKnownFileType = sourcecode.swift; path = TableViewCell.swift; sourceTree = "<group>"; };
		E88570EF4F86A3C1EB888DD2 /* Pods-Kyotohack.release.xcconfig */ = {isa = PBXFileReference; includeInIndex = 1; lastKnownFileType = text.xcconfig; name = "Pods-Kyotohack.release.xcconfig"; path = "Pods/Target Support Files/Pods-Kyotohack/Pods-Kyotohack.release.xcconfig"; sourceTree = "<group>"; };
		FAD52A8C1DD7F23D009F5674 /* Kyotohack.app */ = {isa = PBXFileReference; explicitFileType = wrapper.application; includeInIndex = 0; path = Kyotohack.app; sourceTree = BUILT_PRODUCTS_DIR; };
		FAD52A8F1DD7F23D009F5674 /* AppDelegate.swift */ = {isa = PBXFileReference; lastKnownFileType = sourcecode.swift; path = AppDelegate.swift; sourceTree = "<group>"; };
		FAD52A911DD7F23D009F5674 /* ViewController.swift */ = {isa = PBXFileReference; lastKnownFileType = sourcecode.swift; path = ViewController.swift; sourceTree = "<group>"; };
		FAD52A941DD7F23D009F5674 /* Base */ = {isa = PBXFileReference; lastKnownFileType = file.storyboard; name = Base; path = Base.lproj/Main.storyboard; sourceTree = "<group>"; };
		FAD52A961DD7F23D009F5674 /* Assets.xcassets */ = {isa = PBXFileReference; lastKnownFileType = folder.assetcatalog; path = Assets.xcassets; sourceTree = "<group>"; };
		FAD52A991DD7F23D009F5674 /* Base */ = {isa = PBXFileReference; lastKnownFileType = file.storyboard; name = Base; path = Base.lproj/LaunchScreen.storyboard; sourceTree = "<group>"; };
		FAD52A9B1DD7F23D009F5674 /* Info.plist */ = {isa = PBXFileReference; lastKnownFileType = text.plist.xml; path = Info.plist; sourceTree = "<group>"; };
		FAD52AA41DD802F8009F5674 /* NCMB.framework */ = {isa = PBXFileReference; lastKnownFileType = wrapper.framework; name = NCMB.framework; path = Carthage/Build/iOS/NCMB.framework; sourceTree = "<group>"; };
		FAD52AA51DD802F8009F5674 /* Kingfisher.framework */ = {isa = PBXFileReference; lastKnownFileType = wrapper.framework; name = Kingfisher.framework; path = Carthage/Build/iOS/Kingfisher.framework; sourceTree = "<group>"; };
		FAD52AAC1DD81AF7009F5674 /* ProfessorTableViewCell.swift */ = {isa = PBXFileReference; fileEncoding = 4; lastKnownFileType = sourcecode.swift; path = ProfessorTableViewCell.swift; sourceTree = "<group>"; };
		FAD52AAE1DD81BBF009F5674 /* ProfessorTableViewController.swift */ = {isa = PBXFileReference; fileEncoding = 4; lastKnownFileType = sourcecode.swift; path = ProfessorTableViewController.swift; sourceTree = "<group>"; };
		FAD52AB01DD81D21009F5674 /* Professor.swift */ = {isa = PBXFileReference; fileEncoding = 4; lastKnownFileType = sourcecode.swift; path = Professor.swift; sourceTree = "<group>"; };
/* End PBXFileReference section */

/* Begin PBXFrameworksBuildPhase section */
		FAD52A891DD7F23D009F5674 /* Frameworks */ = {
			isa = PBXFrameworksBuildPhase;
			buildActionMask = 2147483647;
			files = (
				FAD52AB21DD8240E009F5674 /* Kingfisher.framework in Frameworks */,
				FAD52AA61DD802F8009F5674 /* NCMB.framework in Frameworks */,
				C0FE0D85F3AF3343B6C38B80 /* Pods_Kyotohack.framework in Frameworks */,
			);
			runOnlyForDeploymentPostprocessing = 0;
		};
/* End PBXFrameworksBuildPhase section */

/* Begin PBXGroup section */
		AA5995256A47067DA8B9713D /* Pods */ = {
			isa = PBXGroup;
			children = (
				0BFD0CABD6540FDE30D3A70C /* Pods-Kyotohack.debug.xcconfig */,
				E88570EF4F86A3C1EB888DD2 /* Pods-Kyotohack.release.xcconfig */,
			);
			name = Pods;
			sourceTree = "<group>";
		};
		FAD52A831DD7F23D009F5674 = {
			isa = PBXGroup;
			children = (
				FAD52A8E1DD7F23D009F5674 /* Kyotohack */,
				FAD52A8D1DD7F23D009F5674 /* Products */,
				FAD52AA31DD802F8009F5674 /* Frameworks */,
				AA5995256A47067DA8B9713D /* Pods */,
			);
			sourceTree = "<group>";
		};
		FAD52A8D1DD7F23D009F5674 /* Products */ = {
			isa = PBXGroup;
			children = (
				FAD52A8C1DD7F23D009F5674 /* Kyotohack.app */,
			);
			name = Products;
			sourceTree = "<group>";
		};
		FAD52A8E1DD7F23D009F5674 /* Kyotohack */ = {
			isa = PBXGroup;
			children = (
				FAD52A8F1DD7F23D009F5674 /* AppDelegate.swift */,
				FAD52A911DD7F23D009F5674 /* ViewController.swift */,
				FAD52A931DD7F23D009F5674 /* Main.storyboard */,
				C9FEA5AB1DD852C00045CE97 /* TableViewCell.swift */,
				FAD52AB01DD81D21009F5674 /* Professor.swift */,
				FAD52AAC1DD81AF7009F5674 /* ProfessorTableViewCell.swift */,
				FAD52AAE1DD81BBF009F5674 /* ProfessorTableViewController.swift */,
				FAD52A961DD7F23D009F5674 /* Assets.xcassets */,
				FAD52A981DD7F23D009F5674 /* LaunchScreen.storyboard */,
				FAD52A9B1DD7F23D009F5674 /* Info.plist */,
			);
			path = Kyotohack;
			sourceTree = "<group>";
		};
		FAD52AA31DD802F8009F5674 /* Frameworks */ = {
			isa = PBXGroup;
			children = (
				FAD52AA41DD802F8009F5674 /* NCMB.framework */,
				FAD52AA51DD802F8009F5674 /* Kingfisher.framework */,
				A0EDF7CFD5CE881D0C5A6653 /* Pods_Kyotohack.framework */,
			);
			name = Frameworks;
			sourceTree = "<group>";
		};
/* End PBXGroup section */

/* Begin PBXNativeTarget section */
		FAD52A8B1DD7F23D009F5674 /* Kyotohack */ = {
			isa = PBXNativeTarget;
			buildConfigurationList = FAD52A9E1DD7F23D009F5674 /* Build configuration list for PBXNativeTarget "Kyotohack" */;
			buildPhases = (
				528EF6DF1C70D88AE6E810AF /* [CP] Check Pods Manifest.lock */,
				FAD52A881DD7F23D009F5674 /* Sources */,
				FAD52A891DD7F23D009F5674 /* Frameworks */,
				FAD52A8A1DD7F23D009F5674 /* Resources */,
				FAD52AA21DD8027B009F5674 /* ShellScript */,
				044903F0639DCD53E851C921 /* [CP] Embed Pods Frameworks */,
				5191E20C9FE421787D2E137F /* [CP] Copy Pods Resources */,
			);
			buildRules = (
			);
			dependencies = (
			);
			name = Kyotohack;
			productName = Kyotohack;
			productReference = FAD52A8C1DD7F23D009F5674 /* Kyotohack.app */;
			productType = "com.apple.product-type.application";
		};
/* End PBXNativeTarget section */

/* Begin PBXProject section */
		FAD52A841DD7F23D009F5674 /* Project object */ = {
			isa = PBXProject;
			attributes = {
				LastSwiftUpdateCheck = 0810;
				LastUpgradeCheck = 0810;
				ORGANIZATIONNAME = "Tomoki Nishinaka";
				TargetAttributes = {
					FAD52A8B1DD7F23D009F5674 = {
						CreatedOnToolsVersion = 8.1;
						DevelopmentTeam = 8589MH68KB;
						ProvisioningStyle = Automatic;
					};
				};
			};
			buildConfigurationList = FAD52A871DD7F23D009F5674 /* Build configuration list for PBXProject "Kyotohack" */;
			compatibilityVersion = "Xcode 3.2";
			developmentRegion = English;
			hasScannedForEncodings = 0;
			knownRegions = (
				en,
				Base,
			);
			mainGroup = FAD52A831DD7F23D009F5674;
			productRefGroup = FAD52A8D1DD7F23D009F5674 /* Products */;
			projectDirPath = "";
			projectRoot = "";
			targets = (
				FAD52A8B1DD7F23D009F5674 /* Kyotohack */,
			);
		};
/* End PBXProject section */

/* Begin PBXResourcesBuildPhase section */
		FAD52A8A1DD7F23D009F5674 /* Resources */ = {
			isa = PBXResourcesBuildPhase;
			buildActionMask = 2147483647;
			files = (
				FAD52A9A1DD7F23D009F5674 /* LaunchScreen.storyboard in Resources */,
				FAD52A971DD7F23D009F5674 /* Assets.xcassets in Resources */,
				FAD52A951DD7F23D009F5674 /* Main.storyboard in Resources */,
			);
			runOnlyForDeploymentPostprocessing = 0;
		};
/* End PBXResourcesBuildPhase section */

/* Begin PBXShellScriptBuildPhase section */
		044903F0639DCD53E851C921 /* [CP] Embed Pods Frameworks */ = {
			isa = PBXShellScriptBuildPhase;
			buildActionMask = 2147483647;
			files = (
			);
			inputPaths = (
			);
			name = "[CP] Embed Pods Frameworks";
			outputPaths = (
			);
			runOnlyForDeploymentPostprocessing = 0;
			shellPath = /bin/sh;
			shellScript = "\"${SRCROOT}/Pods/Target Support Files/Pods-Kyotohack/Pods-Kyotohack-frameworks.sh\"\n";
			showEnvVarsInLog = 0;
		};
		5191E20C9FE421787D2E137F /* [CP] Copy Pods Resources */ = {
			isa = PBXShellScriptBuildPhase;
			buildActionMask = 2147483647;
			files = (
			);
			inputPaths = (
			);
			name = "[CP] Copy Pods Resources";
			outputPaths = (
			);
			runOnlyForDeploymentPostprocessing = 0;
			shellPath = /bin/sh;
			shellScript = "\"${SRCROOT}/Pods/Target Support Files/Pods-Kyotohack/Pods-Kyotohack-resources.sh\"\n";
			showEnvVarsInLog = 0;
		};
		528EF6DF1C70D88AE6E810AF /* [CP] Check Pods Manifest.lock */ = {
			isa = PBXShellScriptBuildPhase;
			buildActionMask = 2147483647;
			files = (
			);
			inputPaths = (
			);
			name = "[CP] Check Pods Manifest.lock";
			outputPaths = (
			);
			runOnlyForDeploymentPostprocessing = 0;
			shellPath = /bin/sh;
			shellScript = "diff \"${PODS_ROOT}/../Podfile.lock\" \"${PODS_ROOT}/Manifest.lock\" > /dev/null\nif [ $? != 0 ] ; then\n    # print error to STDERR\n    echo \"error: The sandbox is not in sync with the Podfile.lock. Run 'pod install' or update your CocoaPods installation.\" >&2\n    exit 1\nfi\n";
			showEnvVarsInLog = 0;
		};
		FAD52AA21DD8027B009F5674 /* ShellScript */ = {
			isa = PBXShellScriptBuildPhase;
			buildActionMask = 2147483647;
			files = (
			);
			inputPaths = (
				"$(SRCROOT)//Carthage/Build/iOS/NCMB.framework",
				"$(SRCROOT)//Carthage/Build/iOS/Kingfisher.framework",
			);
			outputPaths = (
			);
			runOnlyForDeploymentPostprocessing = 0;
			shellPath = /bin/sh;
			shellScript = "/usr/local/bin/carthage copy-frameworks";
		};
/* End PBXShellScriptBuildPhase section */

/* Begin PBXSourcesBuildPhase section */
		FAD52A881DD7F23D009F5674 /* Sources */ = {
			isa = PBXSourcesBuildPhase;
			buildActionMask = 2147483647;
			files = (
				FAD52AB11DD81D21009F5674 /* Professor.swift in Sources */,
				FAD52AAF1DD81BBF009F5674 /* ProfessorTableViewController.swift in Sources */,
				FAD52AAD1DD81AF8009F5674 /* ProfessorTableViewCell.swift in Sources */,
				C9FEA5AC1DD852C00045CE97 /* TableViewCell.swift in Sources */,
				FAD52A921DD7F23D009F5674 /* ViewController.swift in Sources */,
				FAD52A901DD7F23D009F5674 /* AppDelegate.swift in Sources */,
			);
			runOnlyForDeploymentPostprocessing = 0;
		};
/* End PBXSourcesBuildPhase section */

/* Begin PBXVariantGroup section */
		FAD52A931DD7F23D009F5674 /* Main.storyboard */ = {
			isa = PBXVariantGroup;
			children = (
				FAD52A941DD7F23D009F5674 /* Base */,
			);
			name = Main.storyboard;
			sourceTree = "<group>";
		};
		FAD52A981DD7F23D009F5674 /* LaunchScreen.storyboard */ = {
			isa = PBXVariantGroup;
			children = (
				FAD52A991DD7F23D009F5674 /* Base */,
			);
			name = LaunchScreen.storyboard;
			sourceTree = "<group>";
		};
/* End PBXVariantGroup section */

/* Begin XCBuildConfiguration section */
		FAD52A9C1DD7F23D009F5674 /* Debug */ = {
			isa = XCBuildConfiguration;
			buildSettings = {
				ALWAYS_SEARCH_USER_PATHS = NO;
				CLANG_ANALYZER_NONNULL = YES;
				CLANG_CXX_LANGUAGE_STANDARD = "gnu++0x";
				CLANG_CXX_LIBRARY = "libc++";
				CLANG_ENABLE_MODULES = YES;
				CLANG_ENABLE_OBJC_ARC = YES;
				CLANG_WARN_BOOL_CONVERSION = YES;
				CLANG_WARN_CONSTANT_CONVERSION = YES;
				CLANG_WARN_DIRECT_OBJC_ISA_USAGE = YES_ERROR;
				CLANG_WARN_DOCUMENTATION_COMMENTS = YES;
				CLANG_WARN_EMPTY_BODY = YES;
				CLANG_WARN_ENUM_CONVERSION = YES;
				CLANG_WARN_INFINITE_RECURSION = YES;
				CLANG_WARN_INT_CONVERSION = YES;
				CLANG_WARN_OBJC_ROOT_CLASS = YES_ERROR;
				CLANG_WARN_SUSPICIOUS_MOVES = YES;
				CLANG_WARN_UNREACHABLE_CODE = YES;
				CLANG_WARN__DUPLICATE_METHOD_MATCH = YES;
				"CODE_SIGN_IDENTITY[sdk=iphoneos*]" = "iPhone Developer";
				COPY_PHASE_STRIP = NO;
				DEBUG_INFORMATION_FORMAT = dwarf;
				ENABLE_STRICT_OBJC_MSGSEND = YES;
				ENABLE_TESTABILITY = YES;
				GCC_C_LANGUAGE_STANDARD = gnu99;
				GCC_DYNAMIC_NO_PIC = NO;
				GCC_NO_COMMON_BLOCKS = YES;
				GCC_OPTIMIZATION_LEVEL = 0;
				GCC_PREPROCESSOR_DEFINITIONS = (
					"DEBUG=1",
					"$(inherited)",
				);
				GCC_WARN_64_TO_32_BIT_CONVERSION = YES;
				GCC_WARN_ABOUT_RETURN_TYPE = YES_ERROR;
				GCC_WARN_UNDECLARED_SELECTOR = YES;
				GCC_WARN_UNINITIALIZED_AUTOS = YES_AGGRESSIVE;
				GCC_WARN_UNUSED_FUNCTION = YES;
				GCC_WARN_UNUSED_VARIABLE = YES;
				IPHONEOS_DEPLOYMENT_TARGET = 10.1;
				MTL_ENABLE_DEBUG_INFO = YES;
				ONLY_ACTIVE_ARCH = YES;
				SDKROOT = iphoneos;
				SWIFT_ACTIVE_COMPILATION_CONDITIONS = DEBUG;
				SWIFT_OPTIMIZATION_LEVEL = "-Onone";
			};
			name = Debug;
		};
		FAD52A9D1DD7F23D009F5674 /* Release */ = {
			isa = XCBuildConfiguration;
			buildSettings = {
				ALWAYS_SEARCH_USER_PATHS = NO;
				CLANG_ANALYZER_NONNULL = YES;
				CLANG_CXX_LANGUAGE_STANDARD = "gnu++0x";
				CLANG_CXX_LIBRARY = "libc++";
				CLANG_ENABLE_MODULES = YES;
				CLANG_ENABLE_OBJC_ARC = YES;
				CLANG_WARN_BOOL_CONVERSION = YES;
				CLANG_WARN_CONSTANT_CONVERSION = YES;
				CLANG_WARN_DIRECT_OBJC_ISA_USAGE = YES_ERROR;
				CLANG_WARN_DOCUMENTATION_COMMENTS = YES;
				CLANG_WARN_EMPTY_BODY = YES;
				CLANG_WARN_ENUM_CONVERSION = YES;
				CLANG_WARN_INFINITE_RECURSION = YES;
				CLANG_WARN_INT_CONVERSION = YES;
				CLANG_WARN_OBJC_ROOT_CLASS = YES_ERROR;
				CLANG_WARN_SUSPICIOUS_MOVES = YES;
				CLANG_WARN_UNREACHABLE_CODE = YES;
				CLANG_WARN__DUPLICATE_METHOD_MATCH = YES;
				"CODE_SIGN_IDENTITY[sdk=iphoneos*]" = "iPhone Developer";
				COPY_PHASE_STRIP = NO;
				DEBUG_INFORMATION_FORMAT = "dwarf-with-dsym";
				ENABLE_NS_ASSERTIONS = NO;
				ENABLE_STRICT_OBJC_MSGSEND = YES;
				GCC_C_LANGUAGE_STANDARD = gnu99;
				GCC_NO_COMMON_BLOCKS = YES;
				GCC_WARN_64_TO_32_BIT_CONVERSION = YES;
				GCC_WARN_ABOUT_RETURN_TYPE = YES_ERROR;
				GCC_WARN_UNDECLARED_SELECTOR = YES;
				GCC_WARN_UNINITIALIZED_AUTOS = YES_AGGRESSIVE;
				GCC_WARN_UNUSED_FUNCTION = YES;
				GCC_WARN_UNUSED_VARIABLE = YES;
				IPHONEOS_DEPLOYMENT_TARGET = 10.1;
				MTL_ENABLE_DEBUG_INFO = NO;
				SDKROOT = iphoneos;
				SWIFT_OPTIMIZATION_LEVEL = "-Owholemodule";
				VALIDATE_PRODUCT = YES;
			};
			name = Release;
		};
		FAD52A9F1DD7F23D009F5674 /* Debug */ = {
			isa = XCBuildConfiguration;
			baseConfigurationReference = 0BFD0CABD6540FDE30D3A70C /* Pods-Kyotohack.debug.xcconfig */;
			buildSettings = {
				ASSETCATALOG_COMPILER_APPICON_NAME = AppIcon;
				DEVELOPMENT_TEAM = 8589MH68KB;
				FRAMEWORK_SEARCH_PATHS = (
					"$(inherited)",
					"$(PROJECT_DIR)/Carthage/Build/iOS",
				);
				INFOPLIST_FILE = Kyotohack/Info.plist;
				IPHONEOS_DEPLOYMENT_TARGET = 10.0;
				LD_RUNPATH_SEARCH_PATHS = "$(inherited) @executable_path/Frameworks";
				PRODUCT_BUNDLE_IDENTIFIER = net.idev13.Kyotohack;
				PRODUCT_NAME = "$(TARGET_NAME)";
				SWIFT_VERSION = 3.0;
			};
			name = Debug;
		};
		FAD52AA01DD7F23D009F5674 /* Release */ = {
			isa = XCBuildConfiguration;
			baseConfigurationReference = E88570EF4F86A3C1EB888DD2 /* Pods-Kyotohack.release.xcconfig */;
			buildSettings = {
				ASSETCATALOG_COMPILER_APPICON_NAME = AppIcon;
				DEVELOPMENT_TEAM = 8589MH68KB;
				FRAMEWORK_SEARCH_PATHS = (
					"$(inherited)",
					"$(PROJECT_DIR)/Carthage/Build/iOS",
				);
				INFOPLIST_FILE = Kyotohack/Info.plist;
				IPHONEOS_DEPLOYMENT_TARGET = 10.0;
				LD_RUNPATH_SEARCH_PATHS = "$(inherited) @executable_path/Frameworks";
				PRODUCT_BUNDLE_IDENTIFIER = net.idev13.Kyotohack;
				PRODUCT_NAME = "$(TARGET_NAME)";
				SWIFT_VERSION = 3.0;
			};
			name = Release;
		};
/* End XCBuildConfiguration section */

/* Begin XCConfigurationList section */
		FAD52A871DD7F23D009F5674 /* Build configuration list for PBXProject "Kyotohack" */ = {
			isa = XCConfigurationList;
			buildConfigurations = (
				FAD52A9C1DD7F23D009F5674 /* Debug */,
				FAD52A9D1DD7F23D009F5674 /* Release */,
			);
			defaultConfigurationIsVisible = 0;
			defaultConfigurationName = Release;
		};
		FAD52A9E1DD7F23D009F5674 /* Build configuration list for PBXNativeTarget "Kyotohack" */ = {
			isa = XCConfigurationList;
			buildConfigurations = (
				FAD52A9F1DD7F23D009F5674 /* Debug */,
				FAD52AA01DD7F23D009F5674 /* Release */,
			);
			defaultConfigurationIsVisible = 0;
			defaultConfigurationName = Release;
		};
/* End XCConfigurationList section */
	};
	rootObject = FAD52A841DD7F23D009F5674 /* Project object */;
}
